
Microsoft Visual Studio Solution File, Format Version 12.00
# Visual Studio 2013
VisualStudioVersion = 12.0.40629.0
MinimumVisualStudioVersion = 10.0.40219.1
Project("{FAE04EC0-301F-11D3-BF4B-00C04F79EFBC}") = "TrafficLightSimulator", "TrafficLightSimulator\TrafficLightSimulator.csproj", "{295B5427-B0F2-423B-80A7-AB0B5AC059E4}"
EndProject
Global
	GlobalSection(SolutionConfigurationPlatforms) = preSolution
		Debug|Any CPU = Debug|Any CPU
		Release|Any CPU = Release|Any CPU
	EndGlobalSection
	GlobalSection(ProjectConfigurationPlatforms) = postSolution
		{295B5427-B0F2-423B-80A7-AB0B5AC059E4}.Debug|Any CPU.ActiveCfg = Debug|Any CPU
		{295B5427-B0F2-423B-80A7-AB0B5AC059E4}.Debug|Any CPU.Build.0 = Debug|Any CPU
		{295B5427-B0F2-423B-80A7-AB0B5AC059E4}.Release|Any CPU.ActiveCfg = Release|Any CPU
		{295B5427-B0F2-423B-80A7-AB0B5AC059E4}.Release|Any CPU.Build.0 = Release|Any CPU
	EndGlobalSection
	GlobalSection(SolutionProperties) = preSolution
		HideSolutionNode = FALSE
	EndGlobalSection
EndGlobal
